
Microsoft Visual Studio Solution File, Format Version 12.00
# Visual Studio 14
VisualStudioVersion = 14.0.25420.1
MinimumVisualStudioVersion = 10.0.40219.1
Project("{FAE04EC0-301F-11D3-BF4B-00C04F79EFBC}") = "AdminPersonas", "AdminPersonas\AdminPersonas.csproj", "{2AB7A312-4737-4D89-BA11-B23C38AC3859}"
EndProject
Project("{FAE04EC0-301F-11D3-BF4B-00C04F79EFBC}") = "AdminPersonasModel", "AdminPersonasModel\AdminPersonasModel.csproj", "{9228A989-E51C-4C15-8AEC-6B93D730AE2B}"
EndProject
Global
	GlobalSection(SolutionConfigurationPlatforms) = preSolution
		Debug|Any CPU = Debug|Any CPU
		Release|Any CPU = Release|Any CPU
	EndGlobalSection
	GlobalSection(ProjectConfigurationPlatforms) = postSolution
		{2AB7A312-4737-4D89-BA11-B23C38AC3859}.Debug|Any CPU.ActiveCfg = Debug|Any CPU
		{2AB7A312-4737-4D89-BA11-B23C38AC3859}.Debug|Any CPU.Build.0 = Debug|Any CPU
		{2AB7A312-4737-4D89-BA11-B23C38AC3859}.Release|Any CPU.ActiveCfg = Release|Any CPU
		{2AB7A312-4737-4D89-BA11-B23C38AC3859}.Release|Any CPU.Build.0 = Release|Any CPU
		{9228A989-E51C-4C15-8AEC-6B93D730AE2B}.Debug|Any CPU.ActiveCfg = Debug|Any CPU
		{9228A989-E51C-4C15-8AEC-6B93D730AE2B}.Debug|Any CPU.Build.0 = Debug|Any CPU
		{9228A989-E51C-4C15-8AEC-6B93D730AE2B}.Release|Any CPU.ActiveCfg = Release|Any CPU
		{9228A989-E51C-4C15-8AEC-6B93D730AE2B}.Release|Any CPU.Build.0 = Release|Any CPU
	EndGlobalSection
	GlobalSection(SolutionProperties) = preSolution
		HideSolutionNode = FALSE
	EndGlobalSection
EndGlobal
